
Microsoft Visual Studio Solution File, Format Version 12.00
# Visual Studio Version 17
VisualStudioVersion = 17.0.31903.59
MinimumVisualStudioVersion = 10.0.40219.1
Project("{FAE04EC0-301F-11D3-BF4B-00C04F79EFBC}") = "Employees", "Employees\Employees.csproj", "{5D308E37-89FC-479D-A9BB-DBF02FF9240B}"
EndProject
Project("{FAE04EC0-301F-11D3-BF4B-00C04F79EFBC}") = "Domain", "Domain\Domain.csproj", "{07DC858B-E7E9-4518-884E-26B4B6E4C9D8}"
EndProject
Project("{FAE04EC0-301F-11D3-BF4B-00C04F79EFBC}") = "Infrastructure", "Infrastructure\Infrastructure.csproj", "{D3CE9D89-1257-4F81-B6E4-BF428571CB6B}"
EndProject
Project("{FAE04EC0-301F-11D3-BF4B-00C04F79EFBC}") = "Application", "Application\Application.csproj", "{F3209773-4115-4182-B4D9-637DE6EB1A24}"
EndProject
Global
	GlobalSection(SolutionConfigurationPlatforms) = preSolution
		Debug|Any CPU = Debug|Any CPU
		Release|Any CPU = Release|Any CPU
	EndGlobalSection
	GlobalSection(SolutionProperties) = preSolution
		HideSolutionNode = FALSE
	EndGlobalSection
	GlobalSection(ProjectConfigurationPlatforms) = postSolution
		{5D308E37-89FC-479D-A9BB-DBF02FF9240B}.Debug|Any CPU.ActiveCfg = Debug|Any CPU
		{5D308E37-89FC-479D-A9BB-DBF02FF9240B}.Debug|Any CPU.Build.0 = Debug|Any CPU
		{5D308E37-89FC-479D-A9BB-DBF02FF9240B}.Release|Any CPU.ActiveCfg = Release|Any CPU
		{5D308E37-89FC-479D-A9BB-DBF02FF9240B}.Release|Any CPU.Build.0 = Release|Any CPU
		{07DC858B-E7E9-4518-884E-26B4B6E4C9D8}.Debug|Any CPU.ActiveCfg = Debug|Any CPU
		{07DC858B-E7E9-4518-884E-26B4B6E4C9D8}.Debug|Any CPU.Build.0 = Debug|Any CPU
		{07DC858B-E7E9-4518-884E-26B4B6E4C9D8}.Release|Any CPU.ActiveCfg = Release|Any CPU
		{07DC858B-E7E9-4518-884E-26B4B6E4C9D8}.Release|Any CPU.Build.0 = Release|Any CPU
		{D3CE9D89-1257-4F81-B6E4-BF428571CB6B}.Debug|Any CPU.ActiveCfg = Debug|Any CPU
		{D3CE9D89-1257-4F81-B6E4-BF428571CB6B}.Debug|Any CPU.Build.0 = Debug|Any CPU
		{D3CE9D89-1257-4F81-B6E4-BF428571CB6B}.Release|Any CPU.ActiveCfg = Release|Any CPU
		{D3CE9D89-1257-4F81-B6E4-BF428571CB6B}.Release|Any CPU.Build.0 = Release|Any CPU
		{F3209773-4115-4182-B4D9-637DE6EB1A24}.Debug|Any CPU.ActiveCfg = Debug|Any CPU
		{F3209773-4115-4182-B4D9-637DE6EB1A24}.Debug|Any CPU.Build.0 = Debug|Any CPU
		{F3209773-4115-4182-B4D9-637DE6EB1A24}.Release|Any CPU.ActiveCfg = Release|Any CPU
		{F3209773-4115-4182-B4D9-637DE6EB1A24}.Release|Any CPU.Build.0 = Release|Any CPU
	EndGlobalSection
EndGlobal
